// !$*UTF8*$!
{
	archiveVersion = 1;
	classes = {
	};
	objectVersion = 56;
	objects = {

/* Begin PBXBuildFile section */
		9FB55E7A2B87A2B9004AD20E /* SpinnerView.swift in Sources */ = {isa = PBXBuildFile; fileRef = 9FB55E792B87A2B9004AD20E /* SpinnerView.swift */; };
		9FB55E7C2B87A7D2004AD20E /* SpinnerCore.swift in Sources */ = {isa = PBXBuildFile; fileRef = 9FB55E7B2B87A7D2004AD20E /* SpinnerCore.swift */; };
		9FB55E7E2B922DA1004AD20E /* DaxTxCore.swift in Sources */ = {isa = PBXBuildFile; fileRef = 9FB55E7D2B922DA1004AD20E /* DaxTxCore.swift */; };
		9FB55E802B923798004AD20E /* DaxMicCore.swift in Sources */ = {isa = PBXBuildFile; fileRef = 9FB55E7F2B923798004AD20E /* DaxMicCore.swift */; };
		9FB55E822B9237AA004AD20E /* DaxMicView.swift in Sources */ = {isa = PBXBuildFile; fileRef = 9FB55E812B9237AA004AD20E /* DaxMicView.swift */; };
		9FD26D472B698FF800397CBE /* SDRDaxApp.swift in Sources */ = {isa = PBXBuildFile; fileRef = 9FD26D462B698FF800397CBE /* SDRDaxApp.swift */; };
		9FD26D4B2B698FF900397CBE /* Assets.xcassets in Resources */ = {isa = PBXBuildFile; fileRef = 9FD26D4A2B698FF900397CBE /* Assets.xcassets */; };
		9FD26D4E2B698FF900397CBE /* Preview Assets.xcassets in Resources */ = {isa = PBXBuildFile; fileRef = 9FD26D4D2B698FF900397CBE /* Preview Assets.xcassets */; };
		9FD26D562B69906D00397CBE /* SDRDaxCore.swift in Sources */ = {isa = PBXBuildFile; fileRef = 9FD26D552B69906D00397CBE /* SDRDaxCore.swift */; };
		9FD26D592B69911000397CBE /* ClientFeature in Frameworks */ = {isa = PBXBuildFile; productRef = 9FD26D582B69911000397CBE /* ClientFeature */; };
		9FD26D5B2B69911000397CBE /* DirectFeature in Frameworks */ = {isa = PBXBuildFile; productRef = 9FD26D5A2B69911000397CBE /* DirectFeature */; };
		9FD26D5D2B69911100397CBE /* FlexApiFeature in Frameworks */ = {isa = PBXBuildFile; productRef = 9FD26D5C2B69911100397CBE /* FlexApiFeature */; };
		9FD26D5F2B69911100397CBE /* ListenerFeature in Frameworks */ = {isa = PBXBuildFile; productRef = 9FD26D5E2B69911100397CBE /* ListenerFeature */; };
		9FD26D612B69911100397CBE /* LoginFeature in Frameworks */ = {isa = PBXBuildFile; productRef = 9FD26D602B69911100397CBE /* LoginFeature */; };
		9FD26D632B69911100397CBE /* PickerFeature in Frameworks */ = {isa = PBXBuildFile; productRef = 9FD26D622B69911100397CBE /* PickerFeature */; };
		9FD26D652B69911100397CBE /* SharedFeature in Frameworks */ = {isa = PBXBuildFile; productRef = 9FD26D642B69911100397CBE /* SharedFeature */; };
		9FD26D672B69911100397CBE /* TcpFeature in Frameworks */ = {isa = PBXBuildFile; productRef = 9FD26D662B69911100397CBE /* TcpFeature */; };
		9FD26D692B69911100397CBE /* UdpFeature in Frameworks */ = {isa = PBXBuildFile; productRef = 9FD26D682B69911100397CBE /* UdpFeature */; };
		9FD26D6B2B69911100397CBE /* VitaFeature in Frameworks */ = {isa = PBXBuildFile; productRef = 9FD26D6A2B69911100397CBE /* VitaFeature */; };
		9FD26D6D2B69911100397CBE /* XCGLogFeature in Frameworks */ = {isa = PBXBuildFile; productRef = 9FD26D6C2B69911100397CBE /* XCGLogFeature */; };
		9FD26D6F2B69919700397CBE /* SDRDaxView.swift in Sources */ = {isa = PBXBuildFile; fileRef = 9FD26D6E2B69919700397CBE /* SDRDaxView.swift */; };
		9FD26D7B2B6998B000397CBE /* DaxIqView.swift in Sources */ = {isa = PBXBuildFile; fileRef = 9FD26D752B6998B000397CBE /* DaxIqView.swift */; };
		9FD26D7C2B6998B000397CBE /* DaxTxView.swift in Sources */ = {isa = PBXBuildFile; fileRef = 9FD26D762B6998B000397CBE /* DaxTxView.swift */; };
		9FD26D7D2B6998B000397CBE /* DaxRxView.swift in Sources */ = {isa = PBXBuildFile; fileRef = 9FD26D772B6998B000397CBE /* DaxRxView.swift */; };
		9FD26D872B6ABC9D00397CBE /* LevelIndicatorView in Frameworks */ = {isa = PBXBuildFile; productRef = 9FD26D862B6ABC9D00397CBE /* LevelIndicatorView */; };
		9FD26D8A2B6E95CD00397CBE /* DaxRxCore.swift in Sources */ = {isa = PBXBuildFile; fileRef = 9FD26D892B6E95CD00397CBE /* DaxRxCore.swift */; };
		9FD26D922B6EA9CF00397CBE /* DaxIqCore.swift in Sources */ = {isa = PBXBuildFile; fileRef = 9FD26D912B6EA9CF00397CBE /* DaxIqCore.swift */; };
		9FD26D942B74748C00397CBE /* DaxAudioFeature in Frameworks */ = {isa = PBXBuildFile; productRef = 9FD26D932B74748C00397CBE /* DaxAudioFeature */; };
/* End PBXBuildFile section */

/* Begin PBXFileReference section */
		9FB55E792B87A2B9004AD20E /* SpinnerView.swift */ = {isa = PBXFileReference; lastKnownFileType = sourcecode.swift; path = SpinnerView.swift; sourceTree = "<group>"; };
		9FB55E7B2B87A7D2004AD20E /* SpinnerCore.swift */ = {isa = PBXFileReference; lastKnownFileType = sourcecode.swift; path = SpinnerCore.swift; sourceTree = "<group>"; };
		9FB55E7D2B922DA1004AD20E /* DaxTxCore.swift */ = {isa = PBXFileReference; lastKnownFileType = sourcecode.swift; path = DaxTxCore.swift; sourceTree = "<group>"; };
		9FB55E7F2B923798004AD20E /* DaxMicCore.swift */ = {isa = PBXFileReference; lastKnownFileType = sourcecode.swift; path = DaxMicCore.swift; sourceTree = "<group>"; };
		9FB55E812B9237AA004AD20E /* DaxMicView.swift */ = {isa = PBXFileReference; lastKnownFileType = sourcecode.swift; path = DaxMicView.swift; sourceTree = "<group>"; };
		9FD26D432B698FF800397CBE /* SDRDax.app */ = {isa = PBXFileReference; explicitFileType = wrapper.application; includeInIndex = 0; path = SDRDax.app; sourceTree = BUILT_PRODUCTS_DIR; };
		9FD26D462B698FF800397CBE /* SDRDaxApp.swift */ = {isa = PBXFileReference; lastKnownFileType = sourcecode.swift; path = SDRDaxApp.swift; sourceTree = "<group>"; };
		9FD26D4A2B698FF900397CBE /* Assets.xcassets */ = {isa = PBXFileReference; lastKnownFileType = folder.assetcatalog; path = Assets.xcassets; sourceTree = "<group>"; };
		9FD26D4D2B698FF900397CBE /* Preview Assets.xcassets */ = {isa = PBXFileReference; lastKnownFileType = folder.assetcatalog; path = "Preview Assets.xcassets"; sourceTree = "<group>"; };
		9FD26D4F2B698FF900397CBE /* SDRDax.entitlements */ = {isa = PBXFileReference; lastKnownFileType = text.plist.entitlements; path = SDRDax.entitlements; sourceTree = "<group>"; };
		9FD26D552B69906D00397CBE /* SDRDaxCore.swift */ = {isa = PBXFileReference; lastKnownFileType = sourcecode.swift; path = SDRDaxCore.swift; sourceTree = "<group>"; };
		9FD26D6E2B69919700397CBE /* SDRDaxView.swift */ = {isa = PBXFileReference; lastKnownFileType = sourcecode.swift; path = SDRDaxView.swift; sourceTree = "<group>"; };
		9FD26D752B6998B000397CBE /* DaxIqView.swift */ = {isa = PBXFileReference; fileEncoding = 4; lastKnownFileType = sourcecode.swift; path = DaxIqView.swift; sourceTree = "<group>"; };
		9FD26D762B6998B000397CBE /* DaxTxView.swift */ = {isa = PBXFileReference; fileEncoding = 4; lastKnownFileType = sourcecode.swift; path = DaxTxView.swift; sourceTree = "<group>"; };
		9FD26D772B6998B000397CBE /* DaxRxView.swift */ = {isa = PBXFileReference; fileEncoding = 4; lastKnownFileType = sourcecode.swift; path = DaxRxView.swift; sourceTree = "<group>"; };
		9FD26D802B69D19800397CBE /* SDRApiFeatures */ = {isa = PBXFileReference; lastKnownFileType = wrapper; name = SDRApiFeatures; path = ../Packages/SDRApiFeatures; sourceTree = "<group>"; };
		9FD26D842B69EB4500397CBE /* README.md */ = {isa = PBXFileReference; lastKnownFileType = net.daringfireball.markdown; path = README.md; sourceTree = "<group>"; };
		9FD26D882B6ABD6800397CBE /* CustomControls */ = {isa = PBXFileReference; lastKnownFileType = wrapper; name = CustomControls; path = ../Packages/CustomControls; sourceTree = "<group>"; };
		9FD26D892B6E95CD00397CBE /* DaxRxCore.swift */ = {isa = PBXFileReference; lastKnownFileType = sourcecode.swift; path = DaxRxCore.swift; sourceTree = "<group>"; };
		9FD26D912B6EA9CF00397CBE /* DaxIqCore.swift */ = {isa = PBXFileReference; lastKnownFileType = sourcecode.swift; path = DaxIqCore.swift; sourceTree = "<group>"; };
/* End PBXFileReference section */

/* Begin PBXFrameworksBuildPhase section */
		9FD26D402B698FF800397CBE /* Frameworks */ = {
			isa = PBXFrameworksBuildPhase;
			buildActionMask = 2147483647;
			files = (
				9FD26D5D2B69911100397CBE /* FlexApiFeature in Frameworks */,
				9FD26D5F2B69911100397CBE /* ListenerFeature in Frameworks */,
				9FD26D692B69911100397CBE /* UdpFeature in Frameworks */,
				9FD26D6D2B69911100397CBE /* XCGLogFeature in Frameworks */,
				9FD26D872B6ABC9D00397CBE /* LevelIndicatorView in Frameworks */,
				9FD26D942B74748C00397CBE /* DaxAudioFeature in Frameworks */,
				9FD26D612B69911100397CBE /* LoginFeature in Frameworks */,
				9FD26D632B69911100397CBE /* PickerFeature in Frameworks */,
				9FD26D5B2B69911000397CBE /* DirectFeature in Frameworks */,
				9FD26D672B69911100397CBE /* TcpFeature in Frameworks */,
				9FD26D6B2B69911100397CBE /* VitaFeature in Frameworks */,
				9FD26D592B69911000397CBE /* ClientFeature in Frameworks */,
				9FD26D652B69911100397CBE /* SharedFeature in Frameworks */,
			);
			runOnlyForDeploymentPostprocessing = 0;
		};
/* End PBXFrameworksBuildPhase section */

/* Begin PBXGroup section */
		9FD26D3A2B698FF800397CBE = {
			isa = PBXGroup;
			children = (
				9FD26D882B6ABD6800397CBE /* CustomControls */,
				9FD26D842B69EB4500397CBE /* README.md */,
				9FD26D802B69D19800397CBE /* SDRApiFeatures */,
				9FD26D452B698FF800397CBE /* SDRDax */,
				9FD26D442B698FF800397CBE /* Products */,
				9FD26D812B69D2DB00397CBE /* Frameworks */,
			);
			sourceTree = "<group>";
		};
		9FD26D442B698FF800397CBE /* Products */ = {
			isa = PBXGroup;
			children = (
				9FD26D432B698FF800397CBE /* SDRDax.app */,
			);
			name = Products;
			sourceTree = "<group>";
		};
		9FD26D452B698FF800397CBE /* SDRDax */ = {
			isa = PBXGroup;
			children = (
				9FD26D4A2B698FF900397CBE /* Assets.xcassets */,
				9FD26D722B6998B000397CBE /* DaxFeature */,
				9FD26D4C2B698FF900397CBE /* Preview Content */,
				9FD26D4F2B698FF900397CBE /* SDRDax.entitlements */,
				9FD26D462B698FF800397CBE /* SDRDaxApp.swift */,
				9FD26D552B69906D00397CBE /* SDRDaxCore.swift */,
				9FD26D6E2B69919700397CBE /* SDRDaxView.swift */,
				9FB55E792B87A2B9004AD20E /* SpinnerView.swift */,
				9FB55E7B2B87A7D2004AD20E /* SpinnerCore.swift */,
			);
			path = SDRDax;
			sourceTree = "<group>";
		};
		9FD26D4C2B698FF900397CBE /* Preview Content */ = {
			isa = PBXGroup;
			children = (
				9FD26D4D2B698FF900397CBE /* Preview Assets.xcassets */,
			);
			path = "Preview Content";
			sourceTree = "<group>";
		};
		9FD26D722B6998B000397CBE /* DaxFeature */ = {
			isa = PBXGroup;
			children = (
				9FD26D742B6998B000397CBE /* Subviews */,
			);
			path = DaxFeature;
			sourceTree = "<group>";
		};
		9FD26D742B6998B000397CBE /* Subviews */ = {
			isa = PBXGroup;
			children = (
				9FD26D912B6EA9CF00397CBE /* DaxIqCore.swift */,
				9FD26D752B6998B000397CBE /* DaxIqView.swift */,
				9FB55E7F2B923798004AD20E /* DaxMicCore.swift */,
				9FB55E812B9237AA004AD20E /* DaxMicView.swift */,
				9FD26D892B6E95CD00397CBE /* DaxRxCore.swift */,
				9FD26D772B6998B000397CBE /* DaxRxView.swift */,
				9FB55E7D2B922DA1004AD20E /* DaxTxCore.swift */,
				9FD26D762B6998B000397CBE /* DaxTxView.swift */,
			);
			path = Subviews;
			sourceTree = "<group>";
		};
		9FD26D812B69D2DB00397CBE /* Frameworks */ = {
			isa = PBXGroup;
			children = (
			);
			name = Frameworks;
			sourceTree = "<group>";
		};
/* End PBXGroup section */

/* Begin PBXNativeTarget section */
		9FD26D422B698FF800397CBE /* SDRDax */ = {
			isa = PBXNativeTarget;
			buildConfigurationList = 9FD26D522B698FF900397CBE /* Build configuration list for PBXNativeTarget "SDRDax" */;
			buildPhases = (
				9FD26D3F2B698FF800397CBE /* Sources */,
				9FD26D402B698FF800397CBE /* Frameworks */,
				9FD26D412B698FF800397CBE /* Resources */,
			);
			buildRules = (
			);
			dependencies = (
			);
			name = SDRDax;
			packageProductDependencies = (
				9FD26D582B69911000397CBE /* ClientFeature */,
				9FD26D5A2B69911000397CBE /* DirectFeature */,
				9FD26D5C2B69911100397CBE /* FlexApiFeature */,
				9FD26D5E2B69911100397CBE /* ListenerFeature */,
				9FD26D602B69911100397CBE /* LoginFeature */,
				9FD26D622B69911100397CBE /* PickerFeature */,
				9FD26D642B69911100397CBE /* SharedFeature */,
				9FD26D662B69911100397CBE /* TcpFeature */,
				9FD26D682B69911100397CBE /* UdpFeature */,
				9FD26D6A2B69911100397CBE /* VitaFeature */,
				9FD26D6C2B69911100397CBE /* XCGLogFeature */,
				9FD26D862B6ABC9D00397CBE /* LevelIndicatorView */,
				9FD26D932B74748C00397CBE /* DaxAudioFeature */,
			);
			productName = SDRDax;
			productReference = 9FD26D432B698FF800397CBE /* SDRDax.app */;
			productType = "com.apple.product-type.application";
		};
/* End PBXNativeTarget section */

/* Begin PBXProject section */
		9FD26D3B2B698FF800397CBE /* Project object */ = {
			isa = PBXProject;
			attributes = {
				BuildIndependentTargetsInParallel = 1;
				LastSwiftUpdateCheck = 1520;
				LastUpgradeCheck = 1520;
				TargetAttributes = {
					9FD26D422B698FF800397CBE = {
						CreatedOnToolsVersion = 15.2;
					};
				};
			};
			buildConfigurationList = 9FD26D3E2B698FF800397CBE /* Build configuration list for PBXProject "SDRDax" */;
			compatibilityVersion = "Xcode 14.0";
			developmentRegion = en;
			hasScannedForEncodings = 0;
			knownRegions = (
				en,
				Base,
			);
			mainGroup = 9FD26D3A2B698FF800397CBE;
			packageReferences = (
				9FD26D572B69911000397CBE /* XCRemoteSwiftPackageReference "SDRApiFeatures" */,
				9FD26D852B6ABC9D00397CBE /* XCRemoteSwiftPackageReference "CustomControls" */,
			);
			productRefGroup = 9FD26D442B698FF800397CBE /* Products */;
			projectDirPath = "";
			projectRoot = "";
			targets = (
				9FD26D422B698FF800397CBE /* SDRDax */,
			);
		};
/* End PBXProject section */

/* Begin PBXResourcesBuildPhase section */
		9FD26D412B698FF800397CBE /* Resources */ = {
			isa = PBXResourcesBuildPhase;
			buildActionMask = 2147483647;
			files = (
				9FD26D4E2B698FF900397CBE /* Preview Assets.xcassets in Resources */,
				9FD26D4B2B698FF900397CBE /* Assets.xcassets in Resources */,
			);
			runOnlyForDeploymentPostprocessing = 0;
		};
/* End PBXResourcesBuildPhase section */

/* Begin PBXSourcesBuildPhase section */
		9FD26D3F2B698FF800397CBE /* Sources */ = {
			isa = PBXSourcesBuildPhase;
			buildActionMask = 2147483647;
			files = (
				9FD26D6F2B69919700397CBE /* SDRDaxView.swift in Sources */,
				9FB55E822B9237AA004AD20E /* DaxMicView.swift in Sources */,
				9FB55E7C2B87A7D2004AD20E /* SpinnerCore.swift in Sources */,
				9FD26D7C2B6998B000397CBE /* DaxTxView.swift in Sources */,
				9FD26D562B69906D00397CBE /* SDRDaxCore.swift in Sources */,
				9FD26D7B2B6998B000397CBE /* DaxIqView.swift in Sources */,
				9FD26D7D2B6998B000397CBE /* DaxRxView.swift in Sources */,
				9FD26D472B698FF800397CBE /* SDRDaxApp.swift in Sources */,
				9FB55E802B923798004AD20E /* DaxMicCore.swift in Sources */,
				9FD26D8A2B6E95CD00397CBE /* DaxRxCore.swift in Sources */,
				9FD26D922B6EA9CF00397CBE /* DaxIqCore.swift in Sources */,
				9FB55E7A2B87A2B9004AD20E /* SpinnerView.swift in Sources */,
				9FB55E7E2B922DA1004AD20E /* DaxTxCore.swift in Sources */,
			);
			runOnlyForDeploymentPostprocessing = 0;
		};
/* End PBXSourcesBuildPhase section */

/* Begin XCBuildConfiguration section */
		9FD26D502B698FF900397CBE /* Debug */ = {
			isa = XCBuildConfiguration;
			buildSettings = {
				ALWAYS_SEARCH_USER_PATHS = NO;
				ASSETCATALOG_COMPILER_GENERATE_SWIFT_ASSET_SYMBOL_EXTENSIONS = YES;
				CLANG_ANALYZER_NONNULL = YES;
				CLANG_ANALYZER_NUMBER_OBJECT_CONVERSION = YES_AGGRESSIVE;
				CLANG_CXX_LANGUAGE_STANDARD = "gnu++20";
				CLANG_ENABLE_MODULES = YES;
				CLANG_ENABLE_OBJC_ARC = YES;
				CLANG_ENABLE_OBJC_WEAK = YES;
				CLANG_WARN_BLOCK_CAPTURE_AUTORELEASING = YES;
				CLANG_WARN_BOOL_CONVERSION = YES;
				CLANG_WARN_COMMA = YES;
				CLANG_WARN_CONSTANT_CONVERSION = YES;
				CLANG_WARN_DEPRECATED_OBJC_IMPLEMENTATIONS = YES;
				CLANG_WARN_DIRECT_OBJC_ISA_USAGE = YES_ERROR;
				CLANG_WARN_DOCUMENTATION_COMMENTS = YES;
				CLANG_WARN_EMPTY_BODY = YES;
				CLANG_WARN_ENUM_CONVERSION = YES;
				CLANG_WARN_INFINITE_RECURSION = YES;
				CLANG_WARN_INT_CONVERSION = YES;
				CLANG_WARN_NON_LITERAL_NULL_CONVERSION = YES;
				CLANG_WARN_OBJC_IMPLICIT_RETAIN_SELF = YES;
				CLANG_WARN_OBJC_LITERAL_CONVERSION = YES;
				CLANG_WARN_OBJC_ROOT_CLASS = YES_ERROR;
				CLANG_WARN_QUOTED_INCLUDE_IN_FRAMEWORK_HEADER = YES;
				CLANG_WARN_RANGE_LOOP_ANALYSIS = YES;
				CLANG_WARN_STRICT_PROTOTYPES = YES;
				CLANG_WARN_SUSPICIOUS_MOVE = YES;
				CLANG_WARN_UNGUARDED_AVAILABILITY = YES_AGGRESSIVE;
				CLANG_WARN_UNREACHABLE_CODE = YES;
				CLANG_WARN__DUPLICATE_METHOD_MATCH = YES;
				COPY_PHASE_STRIP = NO;
				DEAD_CODE_STRIPPING = YES;
				DEBUG_INFORMATION_FORMAT = dwarf;
				ENABLE_STRICT_OBJC_MSGSEND = YES;
				ENABLE_TESTABILITY = YES;
				ENABLE_USER_SCRIPT_SANDBOXING = YES;
				GCC_C_LANGUAGE_STANDARD = gnu17;
				GCC_DYNAMIC_NO_PIC = NO;
				GCC_NO_COMMON_BLOCKS = YES;
				GCC_OPTIMIZATION_LEVEL = 0;
				GCC_PREPROCESSOR_DEFINITIONS = (
					"DEBUG=1",
					"$(inherited)",
				);
				GCC_WARN_64_TO_32_BIT_CONVERSION = YES;
				GCC_WARN_ABOUT_RETURN_TYPE = YES_ERROR;
				GCC_WARN_UNDECLARED_SELECTOR = YES;
				GCC_WARN_UNINITIALIZED_AUTOS = YES_AGGRESSIVE;
				GCC_WARN_UNUSED_FUNCTION = YES;
				GCC_WARN_UNUSED_VARIABLE = YES;
				LOCALIZATION_PREFERS_STRING_CATALOGS = YES;
				MACOSX_DEPLOYMENT_TARGET = 14.2;
				MTL_ENABLE_DEBUG_INFO = INCLUDE_SOURCE;
				MTL_FAST_MATH = YES;
				ONLY_ACTIVE_ARCH = YES;
				SDKROOT = macosx;
				SWIFT_ACTIVE_COMPILATION_CONDITIONS = "DEBUG $(inherited)";
				SWIFT_OPTIMIZATION_LEVEL = "-Onone";
			};
			name = Debug;
		};
		9FD26D512B698FF900397CBE /* Release */ = {
			isa = XCBuildConfiguration;
			buildSettings = {
				ALWAYS_SEARCH_USER_PATHS = NO;
				ASSETCATALOG_COMPILER_GENERATE_SWIFT_ASSET_SYMBOL_EXTENSIONS = YES;
				CLANG_ANALYZER_NONNULL = YES;
				CLANG_ANALYZER_NUMBER_OBJECT_CONVERSION = YES_AGGRESSIVE;
				CLANG_CXX_LANGUAGE_STANDARD = "gnu++20";
				CLANG_ENABLE_MODULES = YES;
				CLANG_ENABLE_OBJC_ARC = YES;
				CLANG_ENABLE_OBJC_WEAK = YES;
				CLANG_WARN_BLOCK_CAPTURE_AUTORELEASING = YES;
				CLANG_WARN_BOOL_CONVERSION = YES;
				CLANG_WARN_COMMA = YES;
				CLANG_WARN_CONSTANT_CONVERSION = YES;
				CLANG_WARN_DEPRECATED_OBJC_IMPLEMENTATIONS = YES;
				CLANG_WARN_DIRECT_OBJC_ISA_USAGE = YES_ERROR;
				CLANG_WARN_DOCUMENTATION_COMMENTS = YES;
				CLANG_WARN_EMPTY_BODY = YES;
				CLANG_WARN_ENUM_CONVERSION = YES;
				CLANG_WARN_INFINITE_RECURSION = YES;
				CLANG_WARN_INT_CONVERSION = YES;
				CLANG_WARN_NON_LITERAL_NULL_CONVERSION = YES;
				CLANG_WARN_OBJC_IMPLICIT_RETAIN_SELF = YES;
				CLANG_WARN_OBJC_LITERAL_CONVERSION = YES;
				CLANG_WARN_OBJC_ROOT_CLASS = YES_ERROR;
				CLANG_WARN_QUOTED_INCLUDE_IN_FRAMEWORK_HEADER = YES;
				CLANG_WARN_RANGE_LOOP_ANALYSIS = YES;
				CLANG_WARN_STRICT_PROTOTYPES = YES;
				CLANG_WARN_SUSPICIOUS_MOVE = YES;
				CLANG_WARN_UNGUARDED_AVAILABILITY = YES_AGGRESSIVE;
				CLANG_WARN_UNREACHABLE_CODE = YES;
				CLANG_WARN__DUPLICATE_METHOD_MATCH = YES;
				COPY_PHASE_STRIP = NO;
				DEAD_CODE_STRIPPING = YES;
				DEBUG_INFORMATION_FORMAT = "dwarf-with-dsym";
				ENABLE_NS_ASSERTIONS = NO;
				ENABLE_STRICT_OBJC_MSGSEND = YES;
				ENABLE_USER_SCRIPT_SANDBOXING = YES;
				GCC_C_LANGUAGE_STANDARD = gnu17;
				GCC_NO_COMMON_BLOCKS = YES;
				GCC_WARN_64_TO_32_BIT_CONVERSION = YES;
				GCC_WARN_ABOUT_RETURN_TYPE = YES_ERROR;
				GCC_WARN_UNDECLARED_SELECTOR = YES;
				GCC_WARN_UNINITIALIZED_AUTOS = YES_AGGRESSIVE;
				GCC_WARN_UNUSED_FUNCTION = YES;
				GCC_WARN_UNUSED_VARIABLE = YES;
				LOCALIZATION_PREFERS_STRING_CATALOGS = YES;
				MACOSX_DEPLOYMENT_TARGET = 14.2;
				MTL_ENABLE_DEBUG_INFO = NO;
				MTL_FAST_MATH = YES;
				SDKROOT = macosx;
				SWIFT_COMPILATION_MODE = wholemodule;
			};
			name = Release;
		};
		9FD26D532B698FF900397CBE /* Debug */ = {
			isa = XCBuildConfiguration;
			buildSettings = {
				ASSETCATALOG_COMPILER_APPICON_NAME = AppIcon;
				ASSETCATALOG_COMPILER_GLOBAL_ACCENT_COLOR_NAME = AccentColor;
				CODE_SIGN_ENTITLEMENTS = SDRDax/SDRDax.entitlements;
				CODE_SIGN_STYLE = Automatic;
				COMBINE_HIDPI_IMAGES = YES;
				CURRENT_PROJECT_VERSION = 0;
				DEAD_CODE_STRIPPING = YES;
				DEVELOPMENT_ASSET_PATHS = "\"SDRDax/Preview Content\"";
				DEVELOPMENT_TEAM = EE5B8TYXGA;
				ENABLE_HARDENED_RUNTIME = YES;
				ENABLE_PREVIEWS = YES;
				GENERATE_INFOPLIST_FILE = YES;
				INFOPLIST_KEY_LSApplicationCategoryType = "public.app-category.utilities";
				INFOPLIST_KEY_NSHumanReadableCopyright = "";
				LD_RUNPATH_SEARCH_PATHS = (
					"$(inherited)",
					"@executable_path/../Frameworks",
				);
				MACOSX_DEPLOYMENT_TARGET = 14.0;
				MARKETING_VERSION = 1.1;
				PRODUCT_BUNDLE_IDENTIFIER = net.k3tzr.SDRDax;
				PRODUCT_NAME = "$(TARGET_NAME)";
				SWIFT_EMIT_LOC_STRINGS = YES;
				SWIFT_VERSION = 5.0;
			};
			name = Debug;
		};
		9FD26D542B698FF900397CBE /* Release */ = {
			isa = XCBuildConfiguration;
			buildSettings = {
				ASSETCATALOG_COMPILER_APPICON_NAME = AppIcon;
				ASSETCATALOG_COMPILER_GLOBAL_ACCENT_COLOR_NAME = AccentColor;
				CODE_SIGN_ENTITLEMENTS = SDRDax/SDRDax.entitlements;
				CODE_SIGN_STYLE = Automatic;
				COMBINE_HIDPI_IMAGES = YES;
				CURRENT_PROJECT_VERSION = 0;
				DEAD_CODE_STRIPPING = YES;
				DEVELOPMENT_ASSET_PATHS = "\"SDRDax/Preview Content\"";
				DEVELOPMENT_TEAM = EE5B8TYXGA;
				ENABLE_HARDENED_RUNTIME = YES;
				ENABLE_PREVIEWS = YES;
				GENERATE_INFOPLIST_FILE = YES;
				INFOPLIST_KEY_LSApplicationCategoryType = "public.app-category.utilities";
				INFOPLIST_KEY_NSHumanReadableCopyright = "";
				LD_RUNPATH_SEARCH_PATHS = (
					"$(inherited)",
					"@executable_path/../Frameworks",
				);
				MACOSX_DEPLOYMENT_TARGET = 14.0;
				MARKETING_VERSION = 1.1;
				PRODUCT_BUNDLE_IDENTIFIER = net.k3tzr.SDRDax;
				PRODUCT_NAME = "$(TARGET_NAME)";
				SWIFT_EMIT_LOC_STRINGS = YES;
				SWIFT_VERSION = 5.0;
			};
			name = Release;
		};
/* End XCBuildConfiguration section */

/* Begin XCConfigurationList section */
		9FD26D3E2B698FF800397CBE /* Build configuration list for PBXProject "SDRDax" */ = {
			isa = XCConfigurationList;
			buildConfigurations = (
				9FD26D502B698FF900397CBE /* Debug */,
				9FD26D512B698FF900397CBE /* Release */,
			);
			defaultConfigurationIsVisible = 0;
			defaultConfigurationName = Release;
		};
		9FD26D522B698FF900397CBE /* Build configuration list for PBXNativeTarget "SDRDax" */ = {
			isa = XCConfigurationList;
			buildConfigurations = (
				9FD26D532B698FF900397CBE /* Debug */,
				9FD26D542B698FF900397CBE /* Release */,
			);
			defaultConfigurationIsVisible = 0;
			defaultConfigurationName = Release;
		};
/* End XCConfigurationList section */

/* Begin XCRemoteSwiftPackageReference section */
		9FD26D572B69911000397CBE /* XCRemoteSwiftPackageReference "SDRApiFeatures" */ = {
			isa = XCRemoteSwiftPackageReference;
			repositoryURL = "https://github.com/K3TZR/SDRApiFeatures.git";
			requirement = {
				branch = main;
				kind = branch;
			};
		};
		9FD26D852B6ABC9D00397CBE /* XCRemoteSwiftPackageReference "CustomControls" */ = {
			isa = XCRemoteSwiftPackageReference;
			repositoryURL = "https://github.com/K3TZR/CustomControls.git";
			requirement = {
				branch = main;
				kind = branch;
			};
		};
/* End XCRemoteSwiftPackageReference section */

/* Begin XCSwiftPackageProductDependency section */
		9FD26D582B69911000397CBE /* ClientFeature */ = {
			isa = XCSwiftPackageProductDependency;
			package = 9FD26D572B69911000397CBE /* XCRemoteSwiftPackageReference "SDRApiFeatures" */;
			productName = ClientFeature;
		};
		9FD26D5A2B69911000397CBE /* DirectFeature */ = {
			isa = XCSwiftPackageProductDependency;
			package = 9FD26D572B69911000397CBE /* XCRemoteSwiftPackageReference "SDRApiFeatures" */;
			productName = DirectFeature;
		};
		9FD26D5C2B69911100397CBE /* FlexApiFeature */ = {
			isa = XCSwiftPackageProductDependency;
			package = 9FD26D572B69911000397CBE /* XCRemoteSwiftPackageReference "SDRApiFeatures" */;
			productName = FlexApiFeature;
		};
		9FD26D5E2B69911100397CBE /* ListenerFeature */ = {
			isa = XCSwiftPackageProductDependency;
			package = 9FD26D572B69911000397CBE /* XCRemoteSwiftPackageReference "SDRApiFeatures" */;
			productName = ListenerFeature;
		};
		9FD26D602B69911100397CBE /* LoginFeature */ = {
			isa = XCSwiftPackageProductDependency;
			package = 9FD26D572B69911000397CBE /* XCRemoteSwiftPackageReference "SDRApiFeatures" */;
			productName = LoginFeature;
		};
		9FD26D622B69911100397CBE /* PickerFeature */ = {
			isa = XCSwiftPackageProductDependency;
			package = 9FD26D572B69911000397CBE /* XCRemoteSwiftPackageReference "SDRApiFeatures" */;
			productName = PickerFeature;
		};
		9FD26D642B69911100397CBE /* SharedFeature */ = {
			isa = XCSwiftPackageProductDependency;
			package = 9FD26D572B69911000397CBE /* XCRemoteSwiftPackageReference "SDRApiFeatures" */;
			productName = SharedFeature;
		};
		9FD26D662B69911100397CBE /* TcpFeature */ = {
			isa = XCSwiftPackageProductDependency;
			package = 9FD26D572B69911000397CBE /* XCRemoteSwiftPackageReference "SDRApiFeatures" */;
			productName = TcpFeature;
		};
		9FD26D682B69911100397CBE /* UdpFeature */ = {
			isa = XCSwiftPackageProductDependency;
			package = 9FD26D572B69911000397CBE /* XCRemoteSwiftPackageReference "SDRApiFeatures" */;
			productName = UdpFeature;
		};
		9FD26D6A2B69911100397CBE /* VitaFeature */ = {
			isa = XCSwiftPackageProductDependency;
			package = 9FD26D572B69911000397CBE /* XCRemoteSwiftPackageReference "SDRApiFeatures" */;
			productName = VitaFeature;
		};
		9FD26D6C2B69911100397CBE /* XCGLogFeature */ = {
			isa = XCSwiftPackageProductDependency;
			package = 9FD26D572B69911000397CBE /* XCRemoteSwiftPackageReference "SDRApiFeatures" */;
			productName = XCGLogFeature;
		};
		9FD26D862B6ABC9D00397CBE /* LevelIndicatorView */ = {
			isa = XCSwiftPackageProductDependency;
			package = 9FD26D852B6ABC9D00397CBE /* XCRemoteSwiftPackageReference "CustomControls" */;
			productName = LevelIndicatorView;
		};
		9FD26D932B74748C00397CBE /* DaxAudioFeature */ = {
			isa = XCSwiftPackageProductDependency;
			productName = DaxAudioFeature;
		};
/* End XCSwiftPackageProductDependency section */
	};
	rootObject = 9FD26D3B2B698FF800397CBE /* Project object */;
}
